
Microsoft Visual Studio Solution File, Format Version 12.00
# Visual Studio 2012
Project("{FAE04EC0-301F-11D3-BF4B-00C04F79EFBC}") = "Cabela", "Cabela\Cabela.csproj", "{64F80F2F-2C1F-4A1E-987E-A445B7CA9C12}"
EndProject
Global
	GlobalSection(SolutionConfigurationPlatforms) = preSolution
		Debug|Any CPU = Debug|Any CPU
		Release|Any CPU = Release|Any CPU
	EndGlobalSection
	GlobalSection(ProjectConfigurationPlatforms) = postSolution
		{64F80F2F-2C1F-4A1E-987E-A445B7CA9C12}.Debug|Any CPU.ActiveCfg = Debug|Any CPU
		{64F80F2F-2C1F-4A1E-987E-A445B7CA9C12}.Debug|Any CPU.Build.0 = Debug|Any CPU
		{64F80F2F-2C1F-4A1E-987E-A445B7CA9C12}.Release|Any CPU.ActiveCfg = Release|Any CPU
		{64F80F2F-2C1F-4A1E-987E-A445B7CA9C12}.Release|Any CPU.Build.0 = Release|Any CPU
	EndGlobalSection
EndGlobal
